
Microsoft Visual Studio Solution File, Format Version 12.00
# Visual Studio 15
VisualStudioVersion = 15.0.28010.2048
MinimumVisualStudioVersion = 10.0.40219.1
Project("{FAE04EC0-301F-11D3-BF4B-00C04F79EFBC}") = "ProyectoIA_DianaTorres_JoseGalvis", "ProyectoIA_DianaTorres_JoseGalvis\ProyectoIA_DianaTorres_JoseGalvis.csproj", "{9759DC15-0E8B-42A9-82E5-2A6EEA961AFA}"
EndProject
Global
	GlobalSection(SolutionConfigurationPlatforms) = preSolution
		Debug|Any CPU = Debug|Any CPU
		Release|Any CPU = Release|Any CPU
	EndGlobalSection
	GlobalSection(ProjectConfigurationPlatforms) = postSolution
		{9759DC15-0E8B-42A9-82E5-2A6EEA961AFA}.Debug|Any CPU.ActiveCfg = Debug|Any CPU
		{9759DC15-0E8B-42A9-82E5-2A6EEA961AFA}.Debug|Any CPU.Build.0 = Debug|Any CPU
		{9759DC15-0E8B-42A9-82E5-2A6EEA961AFA}.Release|Any CPU.ActiveCfg = Release|Any CPU
		{9759DC15-0E8B-42A9-82E5-2A6EEA961AFA}.Release|Any CPU.Build.0 = Release|Any CPU
	EndGlobalSection
	GlobalSection(SolutionProperties) = preSolution
		HideSolutionNode = FALSE
	EndGlobalSection
	GlobalSection(ExtensibilityGlobals) = postSolution
		SolutionGuid = {420772F7-80F1-48DA-A5B2-A864A8B9D6A7}
	EndGlobalSection
EndGlobal
